
Microsoft Visual Studio Solution File, Format Version 12.00
# Visual Studio 15
VisualStudioVersion = 15.0.27004.2002
MinimumVisualStudioVersion = 10.0.40219.1
Project("{FAE04EC0-301F-11D3-BF4B-00C04F79EFBC}") = "cw1", "Geometria Obliczeniowa\cw1.csproj", "{5C4B2FDA-8A1B-40E7-8379-B7613EB37478}"
EndProject
Global
	GlobalSection(SolutionConfigurationPlatforms) = preSolution
		Debug|Any CPU = Debug|Any CPU
		Release|Any CPU = Release|Any CPU
	EndGlobalSection
	GlobalSection(ProjectConfigurationPlatforms) = postSolution
		{5C4B2FDA-8A1B-40E7-8379-B7613EB37478}.Debug|Any CPU.ActiveCfg = Debug|Any CPU
		{5C4B2FDA-8A1B-40E7-8379-B7613EB37478}.Debug|Any CPU.Build.0 = Debug|Any CPU
		{5C4B2FDA-8A1B-40E7-8379-B7613EB37478}.Release|Any CPU.ActiveCfg = Release|Any CPU
		{5C4B2FDA-8A1B-40E7-8379-B7613EB37478}.Release|Any CPU.Build.0 = Release|Any CPU
	EndGlobalSection
	GlobalSection(SolutionProperties) = preSolution
		HideSolutionNode = FALSE
	EndGlobalSection
	GlobalSection(ExtensibilityGlobals) = postSolution
		SolutionGuid = {266B5AD3-B323-46CF-921C-CD9F856C0157}
	EndGlobalSection
EndGlobal
